github.com/Microsoft/go-winio v0.6.2 h1:F2VQgta7ecxGYO8k3ZZz3RS8fVIXVxONVUPlNERoyfY=
github.com/Microsoft/go-winio v0.6.2/go.mod h1:yd8OoFMLzJbo9gZq8j5qaps8bJ9aShtEA8Ipt1oGCvU=
github.com/rwinkhart/go-boilerplate v0.1.1 h1:C+yyscGWeqvNpR91iw0i91zqX0LcxnCr1VOyT7iM4JY=
github.com/rwinkhart/go-boilerplate v0.1.1/go.mod h1:/NVRKGslU20E5xU5YOgXzWxA6aa94BMtv5MtHRTb5Ek=
github.com/rwinkhart/peercred-mini v0.1.2 h1:4cGWDbv0whvLeVvbUdx84V/9p+2fS+DEXgrA1KxlRFo=
github.com/rwinkhart/peercred-mini v0.1.2/go.mod h1:LLHG7YshHEpbpJJP+Il9nx2dnGj5O3VGE32rWmflj0c=
github.com/rwinkhart/rcw v0.2.4 h1:FrRSsl+ui1WLmDwqjLSROtFPKqSeGLEfF2SPENt4qP0=
github.com/rwinkhart/rcw v0.2.4/go.mod h1:nhW4RAHvEjW2QcOlqEdWqRQOFJLjoOGSPkSRZlMjU3s=
golang.org/x/crypto v0.46.0 h1:cKRW/pmt1pKAfetfu+RCEvjvZkA9RimPbh7bhFjGVBU=
golang.org/x/crypto v0.46.0/go.mod h1:Evb/oLKmMraqjZ2iQTwDwvCtJkczlDuTmdJXoZVzqU0=
golang.org/x/sys v0.40.0 h1:DBZZqJ2Rkml6QMQsZywtnjnnGvHza6BTfYFWY9kjEWQ=
golang.org/x/sys v0.40.0/go.mod h1:OgkHotnGiDImocRcuBABYBEXf8A9a87e/uXjp9XT3ks=
